
Microsoft Visual Studio Solution File, Format Version 12.00
# Visual Studio Version 16
VisualStudioVersion = 16.0.29509.3
MinimumVisualStudioVersion = 10.0.40219.1
Project("{9A19103F-16F7-4668-BE54-9A1E7A4F7556}") = "Crush", "Crush\Crush.csproj", "{6FD038DB-9BE5-4EEA-823D-9B0F1292D744}"
EndProject
Project("{9A19103F-16F7-4668-BE54-9A1E7A4F7556}") = "DeleteANode", "DeleteANode\DeleteANode.csproj", "{651C9220-C1C0-4DA3-86D8-0BD89392F9F1}"
EndProject
Project("{9A19103F-16F7-4668-BE54-9A1E7A4F7556}") = "PrintInReverse", "PrintInReverse\PrintInReverse.csproj", "{E9E6D447-50B4-40CB-9296-302604ABD94C}"
EndProject
Project("{9A19103F-16F7-4668-BE54-9A1E7A4F7556}") = "ReverseALinkedList", "ReverseALinkedList\ReverseALinkedList.csproj", "{C4EBDEE7-1405-4DA1-9D83-939A0407AC18}"
EndProject
Project("{2150E333-8FDC-42A3-9474-1A3956D46DE8}") = "Data Structures", "Data Structures", "{21723520-A1DE-47AA-9C58-EAAF7F40BC28}"
EndProject
Project("{2150E333-8FDC-42A3-9474-1A3956D46DE8}") = "LInkedLists", "LInkedLists", "{64508BD4-6236-4907-BFE6-4C4B0BC5F102}"
EndProject
Project("{9A19103F-16F7-4668-BE54-9A1E7A4F7556}") = "CompareTwoLinkedLists", "CompareTwoLinkedLists\CompareTwoLinkedLists.csproj", "{A30B173D-C73A-425C-A7A5-8C9461054056}"
EndProject
Project("{9A19103F-16F7-4668-BE54-9A1E7A4F7556}") = "MergeTwoSortedLinkedLists", "MergeTwoSortedLinkedLists\MergeTwoSortedLinkedLists.csproj", "{8AB0DBBC-2146-45D0-8208-4B803A550563}"
EndProject
Project("{9A19103F-16F7-4668-BE54-9A1E7A4F7556}") = "GetNodeValue", "GetNodeValue\GetNodeValue.csproj", "{6953F574-5CF9-45D4-9BD6-4B389C072EEB}"
EndProject
Project("{9A19103F-16F7-4668-BE54-9A1E7A4F7556}") = "DeleteDuplicateValueNodes", "DeleteDuplicateValueNodes\DeleteDuplicateValueNodes.csproj", "{056F62D9-E4E7-41F4-B1D0-420C3567656A}"
EndProject
Project("{9A19103F-16F7-4668-BE54-9A1E7A4F7556}") = "CycleDetection", "CycleDetection\CycleDetection.csproj", "{CF9EB107-8A21-4C7D-B196-52F53E99CAF2}"
EndProject
Project("{9A19103F-16F7-4668-BE54-9A1E7A4F7556}") = "JosephusPermutation", "JosephusPermutation\JosephusPermutation.csproj", "{161CDE6F-AD0F-4BF9-818A-78C67725E2F8}"
EndProject
Project("{9A19103F-16F7-4668-BE54-9A1E7A4F7556}") = "FindMergePointOfTwoLists", "FindMergePointOfTwoLists\FindMergePointOfTwoLists.csproj", "{1C60686E-5109-48F3-91A8-78CB12183C2A}"
EndProject
Project("{9A19103F-16F7-4668-BE54-9A1E7A4F7556}") = "InsertingANodeIntoASortedDoublyLinkedList", "InsertingANodeIntoASortedDoublyLinkedList\InsertingANodeIntoASortedDoublyLinkedList.csproj", "{3B12120C-6C16-4F27-B4F8-8263C9ED115A}"
EndProject
Project("{9A19103F-16F7-4668-BE54-9A1E7A4F7556}") = "ReverseADoublyLinkedList", "ReverseADoublyLinkedList\ReverseADoublyLinkedList.csproj", "{8F04DE30-D81C-4371-B3A7-0D99B79FF113}"
EndProject
Project("{2150E333-8FDC-42A3-9474-1A3956D46DE8}") = "Heap", "Heap", "{61916166-0389-46F6-ADDC-A5859BC7058F}"
EndProject
Project("{9A19103F-16F7-4668-BE54-9A1E7A4F7556}") = "QHeap1", "QHeap1\QHeap1.csproj", "{8A758B2D-5E45-47B2-A320-E07C3C8AB13D}"
EndProject
Project("{9A19103F-16F7-4668-BE54-9A1E7A4F7556}") = "JesseAndCookies", "JesseAndCookies\JesseAndCookies.csproj", "{6BDF25ED-44C8-45B4-8BB2-AC70866738B3}"
EndProject
Project("{9A19103F-16F7-4668-BE54-9A1E7A4F7556}") = "InsertANodeAtTheTailOfALinkedList", "InsertANodeAtTheTailOfALinkedList\InsertANodeAtTheTailOfALinkedList.csproj", "{44A126A1-A880-4637-99BC-AACF5292039C}"
EndProject
Project("{9A19103F-16F7-4668-BE54-9A1E7A4F7556}") = "InsertANodeAtTheHeadOfALinkedList", "InsertANodeAtTheHeadOfALinkedList\InsertANodeAtTheHeadOfALinkedList.csproj", "{C536F4CC-D9AF-442B-83B6-6277A716C155}"
EndProject
Project("{9A19103F-16F7-4668-BE54-9A1E7A4F7556}") = "InsertANodeAtASpecificPositionInALinkedList", "InsertANodeAtASpecificPositionInALinkedList\InsertANodeAtASpecificPositionInALinkedList.csproj", "{D0A929E9-02E5-4476-AF76-45F20C7ADD16}"
EndProject
Project("{2150E333-8FDC-42A3-9474-1A3956D46DE8}") = "Advanced", "Advanced", "{156FBF9D-B052-41A9-945E-CE3612507438}"
EndProject
Project("{9A19103F-16F7-4668-BE54-9A1E7A4F7556}") = "PrintTheElementsOfALinkedList", "PrintTheElementsOfALinkedList\PrintTheElementsOfALinkedList.csproj", "{499D9B11-376D-4E33-8C38-5A592176E71E}"
EndProject
Project("{2150E333-8FDC-42A3-9474-1A3956D46DE8}") = "Stacks", "Stacks", "{50A84A10-F767-4F9E-BBF2-95CFBE62C483}"
EndProject
Project("{9A19103F-16F7-4668-BE54-9A1E7A4F7556}") = "MaximumElement", "MaximumElement\MaximumElement.csproj", "{67D87FF2-8785-4BF8-B57A-28799A05F758}"
EndProject
Project("{9A19103F-16F7-4668-BE54-9A1E7A4F7556}") = "EqualStacks", "EqualStacks\EqualStacks.csproj", "{3BDE8F7B-053C-425E-AF52-35C246AE0F4B}"
EndProject
Project("{9A19103F-16F7-4668-BE54-9A1E7A4F7556}") = "GameOfTwoStacks", "GameOfTwoStacks\GameOfTwoStacks.csproj", "{5231D8E9-BB5D-4DF4-9320-3A4FE8221CAD}"
EndProject
Project("{9A19103F-16F7-4668-BE54-9A1E7A4F7556}") = "LargestRectangle", "LargestRectangle\LargestRectangle.csproj", "{2B29AE3C-A244-47FC-860C-2E7F07DADB92}"
EndProject
Project("{9A19103F-16F7-4668-BE54-9A1E7A4F7556}") = "SimpleTextEditor", "SimpleTextEditor\SimpleTextEditor.csproj", "{5BB08167-66D8-460B-A58C-772E1D633AD2}"
EndProject
Project("{9A19103F-16F7-4668-BE54-9A1E7A4F7556}") = "PoisonousPlants", "PoisonousPlants\PoisonousPlants.csproj", "{8060E7A0-BF6C-4C87-8BEE-E4DC5D373193}"
EndProject
Project("{FAE04EC0-301F-11D3-BF4B-00C04F79EFBC}") = "Waiter", "Waiter\Waiter.csproj", "{40BED707-409A-475C-AF9A-1C259182F120}"
EndProject
Project("{FAE04EC0-301F-11D3-BF4B-00C04F79EFBC}") = "ANDxorOR", "ANDxorOR\ANDxorOR.csproj", "{76EA98A2-BBF9-4FBF-B430-79B55B0967C9}"
EndProject
Project("{2150E333-8FDC-42A3-9474-1A3956D46DE8}") = "Queue", "Queue", "{9AFD1C4F-A3BB-4BCF-99BC-91715B155E3E}"
EndProject
Project("{FAE04EC0-301F-11D3-BF4B-00C04F79EFBC}") = "QueueUsingTwoStacks", "QueueUsingTwoStacks\QueueUsingTwoStacks.csproj", "{C33319F0-C351-4A6A-A354-313C063EA3CB}"
EndProject
Global
	GlobalSection(SolutionConfigurationPlatforms) = preSolution
		Debug|Any CPU = Debug|Any CPU
		Release|Any CPU = Release|Any CPU
	EndGlobalSection
	GlobalSection(ProjectConfigurationPlatforms) = postSolution
		{6FD038DB-9BE5-4EEA-823D-9B0F1292D744}.Debug|Any CPU.ActiveCfg = Debug|Any CPU
		{6FD038DB-9BE5-4EEA-823D-9B0F1292D744}.Debug|Any CPU.Build.0 = Debug|Any CPU
		{6FD038DB-9BE5-4EEA-823D-9B0F1292D744}.Release|Any CPU.ActiveCfg = Release|Any CPU
		{6FD038DB-9BE5-4EEA-823D-9B0F1292D744}.Release|Any CPU.Build.0 = Release|Any CPU
		{651C9220-C1C0-4DA3-86D8-0BD89392F9F1}.Debug|Any CPU.ActiveCfg = Debug|Any CPU
		{651C9220-C1C0-4DA3-86D8-0BD89392F9F1}.Debug|Any CPU.Build.0 = Debug|Any CPU
		{651C9220-C1C0-4DA3-86D8-0BD89392F9F1}.Release|Any CPU.ActiveCfg = Release|Any CPU
		{651C9220-C1C0-4DA3-86D8-0BD89392F9F1}.Release|Any CPU.Build.0 = Release|Any CPU
		{E9E6D447-50B4-40CB-9296-302604ABD94C}.Debug|Any CPU.ActiveCfg = Debug|Any CPU
		{E9E6D447-50B4-40CB-9296-302604ABD94C}.Debug|Any CPU.Build.0 = Debug|Any CPU
		{E9E6D447-50B4-40CB-9296-302604ABD94C}.Release|Any CPU.ActiveCfg = Release|Any CPU
		{E9E6D447-50B4-40CB-9296-302604ABD94C}.Release|Any CPU.Build.0 = Release|Any CPU
		{C4EBDEE7-1405-4DA1-9D83-939A0407AC18}.Debug|Any CPU.ActiveCfg = Debug|Any CPU
		{C4EBDEE7-1405-4DA1-9D83-939A0407AC18}.Debug|Any CPU.Build.0 = Debug|Any CPU
		{C4EBDEE7-1405-4DA1-9D83-939A0407AC18}.Release|Any CPU.ActiveCfg = Release|Any CPU
		{C4EBDEE7-1405-4DA1-9D83-939A0407AC18}.Release|Any CPU.Build.0 = Release|Any CPU
		{A30B173D-C73A-425C-A7A5-8C9461054056}.Debug|Any CPU.ActiveCfg = Debug|Any CPU
		{A30B173D-C73A-425C-A7A5-8C9461054056}.Debug|Any CPU.Build.0 = Debug|Any CPU
		{A30B173D-C73A-425C-A7A5-8C9461054056}.Release|Any CPU.ActiveCfg = Release|Any CPU
		{A30B173D-C73A-425C-A7A5-8C9461054056}.Release|Any CPU.Build.0 = Release|Any CPU
		{8AB0DBBC-2146-45D0-8208-4B803A550563}.Debug|Any CPU.ActiveCfg = Debug|Any CPU
		{8AB0DBBC-2146-45D0-8208-4B803A550563}.Debug|Any CPU.Build.0 = Debug|Any CPU
		{8AB0DBBC-2146-45D0-8208-4B803A550563}.Release|Any CPU.ActiveCfg = Release|Any CPU
		{8AB0DBBC-2146-45D0-8208-4B803A550563}.Release|Any CPU.Build.0 = Release|Any CPU
		{6953F574-5CF9-45D4-9BD6-4B389C072EEB}.Debug|Any CPU.ActiveCfg = Debug|Any CPU
		{6953F574-5CF9-45D4-9BD6-4B389C072EEB}.Debug|Any CPU.Build.0 = Debug|Any CPU
		{6953F574-5CF9-45D4-9BD6-4B389C072EEB}.Release|Any CPU.ActiveCfg = Release|Any CPU
		{6953F574-5CF9-45D4-9BD6-4B389C072EEB}.Release|Any CPU.Build.0 = Release|Any CPU
		{056F62D9-E4E7-41F4-B1D0-420C3567656A}.Debug|Any CPU.ActiveCfg = Debug|Any CPU
		{056F62D9-E4E7-41F4-B1D0-420C3567656A}.Debug|Any CPU.Build.0 = Debug|Any CPU
		{056F62D9-E4E7-41F4-B1D0-420C3567656A}.Release|Any CPU.ActiveCfg = Release|Any CPU
		{056F62D9-E4E7-41F4-B1D0-420C3567656A}.Release|Any CPU.Build.0 = Release|Any CPU
		{CF9EB107-8A21-4C7D-B196-52F53E99CAF2}.Debug|Any CPU.ActiveCfg = Debug|Any CPU
		{CF9EB107-8A21-4C7D-B196-52F53E99CAF2}.Debug|Any CPU.Build.0 = Debug|Any CPU
		{CF9EB107-8A21-4C7D-B196-52F53E99CAF2}.Release|Any CPU.ActiveCfg = Release|Any CPU
		{CF9EB107-8A21-4C7D-B196-52F53E99CAF2}.Release|Any CPU.Build.0 = Release|Any CPU
		{161CDE6F-AD0F-4BF9-818A-78C67725E2F8}.Debug|Any CPU.ActiveCfg = Debug|Any CPU
		{161CDE6F-AD0F-4BF9-818A-78C67725E2F8}.Debug|Any CPU.Build.0 = Debug|Any CPU
		{161CDE6F-AD0F-4BF9-818A-78C67725E2F8}.Release|Any CPU.ActiveCfg = Release|Any CPU
		{161CDE6F-AD0F-4BF9-818A-78C67725E2F8}.Release|Any CPU.Build.0 = Release|Any CPU
		{1C60686E-5109-48F3-91A8-78CB12183C2A}.Debug|Any CPU.ActiveCfg = Debug|Any CPU
		{1C60686E-5109-48F3-91A8-78CB12183C2A}.Debug|Any CPU.Build.0 = Debug|Any CPU
		{1C60686E-5109-48F3-91A8-78CB12183C2A}.Release|Any CPU.ActiveCfg = Release|Any CPU
		{1C60686E-5109-48F3-91A8-78CB12183C2A}.Release|Any CPU.Build.0 = Release|Any CPU
		{3B12120C-6C16-4F27-B4F8-8263C9ED115A}.Debug|Any CPU.ActiveCfg = Debug|Any CPU
		{3B12120C-6C16-4F27-B4F8-8263C9ED115A}.Debug|Any CPU.Build.0 = Debug|Any CPU
		{3B12120C-6C16-4F27-B4F8-8263C9ED115A}.Release|Any CPU.ActiveCfg = Release|Any CPU
		{3B12120C-6C16-4F27-B4F8-8263C9ED115A}.Release|Any CPU.Build.0 = Release|Any CPU
		{8F04DE30-D81C-4371-B3A7-0D99B79FF113}.Debug|Any CPU.ActiveCfg = Debug|Any CPU
		{8F04DE30-D81C-4371-B3A7-0D99B79FF113}.Debug|Any CPU.Build.0 = Debug|Any CPU
		{8F04DE30-D81C-4371-B3A7-0D99B79FF113}.Release|Any CPU.ActiveCfg = Release|Any CPU
		{8F04DE30-D81C-4371-B3A7-0D99B79FF113}.Release|Any CPU.Build.0 = Release|Any CPU
		{8A758B2D-5E45-47B2-A320-E07C3C8AB13D}.Debug|Any CPU.ActiveCfg = Debug|Any CPU
		{8A758B2D-5E45-47B2-A320-E07C3C8AB13D}.Debug|Any CPU.Build.0 = Debug|Any CPU
		{8A758B2D-5E45-47B2-A320-E07C3C8AB13D}.Release|Any CPU.ActiveCfg = Release|Any CPU
		{8A758B2D-5E45-47B2-A320-E07C3C8AB13D}.Release|Any CPU.Build.0 = Release|Any CPU
		{6BDF25ED-44C8-45B4-8BB2-AC70866738B3}.Debug|Any CPU.ActiveCfg = Debug|Any CPU
		{6BDF25ED-44C8-45B4-8BB2-AC70866738B3}.Debug|Any CPU.Build.0 = Debug|Any CPU
		{6BDF25ED-44C8-45B4-8BB2-AC70866738B3}.Release|Any CPU.ActiveCfg = Release|Any CPU
		{6BDF25ED-44C8-45B4-8BB2-AC70866738B3}.Release|Any CPU.Build.0 = Release|Any CPU
		{44A126A1-A880-4637-99BC-AACF5292039C}.Debug|Any CPU.ActiveCfg = Debug|Any CPU
		{44A126A1-A880-4637-99BC-AACF5292039C}.Debug|Any CPU.Build.0 = Debug|Any CPU
		{44A126A1-A880-4637-99BC-AACF5292039C}.Release|Any CPU.ActiveCfg = Release|Any CPU
		{44A126A1-A880-4637-99BC-AACF5292039C}.Release|Any CPU.Build.0 = Release|Any CPU
		{C536F4CC-D9AF-442B-83B6-6277A716C155}.Debug|Any CPU.ActiveCfg = Debug|Any CPU
		{C536F4CC-D9AF-442B-83B6-6277A716C155}.Debug|Any CPU.Build.0 = Debug|Any CPU
		{C536F4CC-D9AF-442B-83B6-6277A716C155}.Release|Any CPU.ActiveCfg = Release|Any CPU
		{C536F4CC-D9AF-442B-83B6-6277A716C155}.Release|Any CPU.Build.0 = Release|Any CPU
		{D0A929E9-02E5-4476-AF76-45F20C7ADD16}.Debug|Any CPU.ActiveCfg = Debug|Any CPU
		{D0A929E9-02E5-4476-AF76-45F20C7ADD16}.Debug|Any CPU.Build.0 = Debug|Any CPU
		{D0A929E9-02E5-4476-AF76-45F20C7ADD16}.Release|Any CPU.ActiveCfg = Release|Any CPU
		{D0A929E9-02E5-4476-AF76-45F20C7ADD16}.Release|Any CPU.Build.0 = Release|Any CPU
		{499D9B11-376D-4E33-8C38-5A592176E71E}.Debug|Any CPU.ActiveCfg = Debug|Any CPU
		{499D9B11-376D-4E33-8C38-5A592176E71E}.Debug|Any CPU.Build.0 = Debug|Any CPU
		{499D9B11-376D-4E33-8C38-5A592176E71E}.Release|Any CPU.ActiveCfg = Release|Any CPU
		{499D9B11-376D-4E33-8C38-5A592176E71E}.Release|Any CPU.Build.0 = Release|Any CPU
		{67D87FF2-8785-4BF8-B57A-28799A05F758}.Debug|Any CPU.ActiveCfg = Debug|Any CPU
		{67D87FF2-8785-4BF8-B57A-28799A05F758}.Debug|Any CPU.Build.0 = Debug|Any CPU
		{67D87FF2-8785-4BF8-B57A-28799A05F758}.Release|Any CPU.ActiveCfg = Release|Any CPU
		{67D87FF2-8785-4BF8-B57A-28799A05F758}.Release|Any CPU.Build.0 = Release|Any CPU
		{3BDE8F7B-053C-425E-AF52-35C246AE0F4B}.Debug|Any CPU.ActiveCfg = Debug|Any CPU
		{3BDE8F7B-053C-425E-AF52-35C246AE0F4B}.Debug|Any CPU.Build.0 = Debug|Any CPU
		{3BDE8F7B-053C-425E-AF52-35C246AE0F4B}.Release|Any CPU.ActiveCfg = Release|Any CPU
		{3BDE8F7B-053C-425E-AF52-35C246AE0F4B}.Release|Any CPU.Build.0 = Release|Any CPU
		{5231D8E9-BB5D-4DF4-9320-3A4FE8221CAD}.Debug|Any CPU.ActiveCfg = Debug|Any CPU
		{5231D8E9-BB5D-4DF4-9320-3A4FE8221CAD}.Debug|Any CPU.Build.0 = Debug|Any CPU
		{5231D8E9-BB5D-4DF4-9320-3A4FE8221CAD}.Release|Any CPU.ActiveCfg = Release|Any CPU
		{5231D8E9-BB5D-4DF4-9320-3A4FE8221CAD}.Release|Any CPU.Build.0 = Release|Any CPU
		{2B29AE3C-A244-47FC-860C-2E7F07DADB92}.Debug|Any CPU.ActiveCfg = Debug|Any CPU
		{2B29AE3C-A244-47FC-860C-2E7F07DADB92}.Debug|Any CPU.Build.0 = Debug|Any CPU
		{2B29AE3C-A244-47FC-860C-2E7F07DADB92}.Release|Any CPU.ActiveCfg = Release|Any CPU
		{2B29AE3C-A244-47FC-860C-2E7F07DADB92}.Release|Any CPU.Build.0 = Release|Any CPU
		{5BB08167-66D8-460B-A58C-772E1D633AD2}.Debug|Any CPU.ActiveCfg = Debug|Any CPU
		{5BB08167-66D8-460B-A58C-772E1D633AD2}.Debug|Any CPU.Build.0 = Debug|Any CPU
		{5BB08167-66D8-460B-A58C-772E1D633AD2}.Release|Any CPU.ActiveCfg = Release|Any CPU
		{5BB08167-66D8-460B-A58C-772E1D633AD2}.Release|Any CPU.Build.0 = Release|Any CPU
		{8060E7A0-BF6C-4C87-8BEE-E4DC5D373193}.Debug|Any CPU.ActiveCfg = Debug|Any CPU
		{8060E7A0-BF6C-4C87-8BEE-E4DC5D373193}.Debug|Any CPU.Build.0 = Debug|Any CPU
		{8060E7A0-BF6C-4C87-8BEE-E4DC5D373193}.Release|Any CPU.ActiveCfg = Release|Any CPU
		{8060E7A0-BF6C-4C87-8BEE-E4DC5D373193}.Release|Any CPU.Build.0 = Release|Any CPU
		{40BED707-409A-475C-AF9A-1C259182F120}.Debug|Any CPU.ActiveCfg = Debug|Any CPU
		{40BED707-409A-475C-AF9A-1C259182F120}.Debug|Any CPU.Build.0 = Debug|Any CPU
		{40BED707-409A-475C-AF9A-1C259182F120}.Release|Any CPU.ActiveCfg = Release|Any CPU
		{40BED707-409A-475C-AF9A-1C259182F120}.Release|Any CPU.Build.0 = Release|Any CPU
		{76EA98A2-BBF9-4FBF-B430-79B55B0967C9}.Debug|Any CPU.ActiveCfg = Debug|Any CPU
		{76EA98A2-BBF9-4FBF-B430-79B55B0967C9}.Debug|Any CPU.Build.0 = Debug|Any CPU
		{76EA98A2-BBF9-4FBF-B430-79B55B0967C9}.Release|Any CPU.ActiveCfg = Release|Any CPU
		{76EA98A2-BBF9-4FBF-B430-79B55B0967C9}.Release|Any CPU.Build.0 = Release|Any CPU
		{C33319F0-C351-4A6A-A354-313C063EA3CB}.Debug|Any CPU.ActiveCfg = Debug|Any CPU
		{C33319F0-C351-4A6A-A354-313C063EA3CB}.Debug|Any CPU.Build.0 = Debug|Any CPU
		{C33319F0-C351-4A6A-A354-313C063EA3CB}.Release|Any CPU.ActiveCfg = Release|Any CPU
		{C33319F0-C351-4A6A-A354-313C063EA3CB}.Release|Any CPU.Build.0 = Release|Any CPU
	EndGlobalSection
	GlobalSection(SolutionProperties) = preSolution
		HideSolutionNode = FALSE
	EndGlobalSection
	GlobalSection(NestedProjects) = preSolution
		{651C9220-C1C0-4DA3-86D8-0BD89392F9F1} = {64508BD4-6236-4907-BFE6-4C4B0BC5F102}
		{E9E6D447-50B4-40CB-9296-302604ABD94C} = {64508BD4-6236-4907-BFE6-4C4B0BC5F102}
		{C4EBDEE7-1405-4DA1-9D83-939A0407AC18} = {64508BD4-6236-4907-BFE6-4C4B0BC5F102}
		{64508BD4-6236-4907-BFE6-4C4B0BC5F102} = {21723520-A1DE-47AA-9C58-EAAF7F40BC28}
		{A30B173D-C73A-425C-A7A5-8C9461054056} = {64508BD4-6236-4907-BFE6-4C4B0BC5F102}
		{8AB0DBBC-2146-45D0-8208-4B803A550563} = {64508BD4-6236-4907-BFE6-4C4B0BC5F102}
		{6953F574-5CF9-45D4-9BD6-4B389C072EEB} = {64508BD4-6236-4907-BFE6-4C4B0BC5F102}
		{056F62D9-E4E7-41F4-B1D0-420C3567656A} = {64508BD4-6236-4907-BFE6-4C4B0BC5F102}
		{CF9EB107-8A21-4C7D-B196-52F53E99CAF2} = {64508BD4-6236-4907-BFE6-4C4B0BC5F102}
		{1C60686E-5109-48F3-91A8-78CB12183C2A} = {64508BD4-6236-4907-BFE6-4C4B0BC5F102}
		{3B12120C-6C16-4F27-B4F8-8263C9ED115A} = {64508BD4-6236-4907-BFE6-4C4B0BC5F102}
		{8F04DE30-D81C-4371-B3A7-0D99B79FF113} = {64508BD4-6236-4907-BFE6-4C4B0BC5F102}
		{61916166-0389-46F6-ADDC-A5859BC7058F} = {21723520-A1DE-47AA-9C58-EAAF7F40BC28}
		{8A758B2D-5E45-47B2-A320-E07C3C8AB13D} = {61916166-0389-46F6-ADDC-A5859BC7058F}
		{6BDF25ED-44C8-45B4-8BB2-AC70866738B3} = {61916166-0389-46F6-ADDC-A5859BC7058F}
		{44A126A1-A880-4637-99BC-AACF5292039C} = {64508BD4-6236-4907-BFE6-4C4B0BC5F102}
		{C536F4CC-D9AF-442B-83B6-6277A716C155} = {64508BD4-6236-4907-BFE6-4C4B0BC5F102}
		{D0A929E9-02E5-4476-AF76-45F20C7ADD16} = {64508BD4-6236-4907-BFE6-4C4B0BC5F102}
		{156FBF9D-B052-41A9-945E-CE3612507438} = {21723520-A1DE-47AA-9C58-EAAF7F40BC28}
		{499D9B11-376D-4E33-8C38-5A592176E71E} = {64508BD4-6236-4907-BFE6-4C4B0BC5F102}
		{50A84A10-F767-4F9E-BBF2-95CFBE62C483} = {21723520-A1DE-47AA-9C58-EAAF7F40BC28}
		{67D87FF2-8785-4BF8-B57A-28799A05F758} = {50A84A10-F767-4F9E-BBF2-95CFBE62C483}
		{3BDE8F7B-053C-425E-AF52-35C246AE0F4B} = {50A84A10-F767-4F9E-BBF2-95CFBE62C483}
		{5231D8E9-BB5D-4DF4-9320-3A4FE8221CAD} = {50A84A10-F767-4F9E-BBF2-95CFBE62C483}
		{2B29AE3C-A244-47FC-860C-2E7F07DADB92} = {50A84A10-F767-4F9E-BBF2-95CFBE62C483}
		{5BB08167-66D8-460B-A58C-772E1D633AD2} = {50A84A10-F767-4F9E-BBF2-95CFBE62C483}
		{8060E7A0-BF6C-4C87-8BEE-E4DC5D373193} = {50A84A10-F767-4F9E-BBF2-95CFBE62C483}
		{40BED707-409A-475C-AF9A-1C259182F120} = {50A84A10-F767-4F9E-BBF2-95CFBE62C483}
		{76EA98A2-BBF9-4FBF-B430-79B55B0967C9} = {50A84A10-F767-4F9E-BBF2-95CFBE62C483}
		{9AFD1C4F-A3BB-4BCF-99BC-91715B155E3E} = {21723520-A1DE-47AA-9C58-EAAF7F40BC28}
		{C33319F0-C351-4A6A-A354-313C063EA3CB} = {9AFD1C4F-A3BB-4BCF-99BC-91715B155E3E}
	EndGlobalSection
	GlobalSection(ExtensibilityGlobals) = postSolution
		SolutionGuid = {5C967F33-FAE5-4BED-8E08-84B177193EE9}
	EndGlobalSection
EndGlobal
